
Microsoft Visual Studio Solution File, Format Version 12.00
# Visual Studio Version 16
VisualStudioVersion = 25.0.1700.6
MinimumVisualStudioVersion = 10.0.40219.1
Project("{FAE04EC0-301F-11D3-BF4B-00C04F79EFBC}") = "BMRedirect.Api", "BMRedirect\BMRedirect.Api.csproj", "{D4A6EA97-312D-464F-9015-7B1B6F05603F}"
EndProject
Project("{FAE04EC0-301F-11D3-BF4B-00C04F79EFBC}") = "BMRedirect.Core", "BMRedirect.Core\BMRedirect.Core.csproj", "{E467F7E2-10B8-40A5-B23F-D0E60F3F3C14}"
EndProject
Project("{FAE04EC0-301F-11D3-BF4B-00C04F79EFBC}") = "BMRedirect.Services", "BMRedirect.Services\BMRedirect.Services.csproj", "{87E17912-A356-46D2-B8AA-D529E232EBE0}"
EndProject
Global
	GlobalSection(SolutionConfigurationPlatforms) = preSolution
		Debug|Any CPU = Debug|Any CPU
		Release|Any CPU = Release|Any CPU
	EndGlobalSection
	GlobalSection(ProjectConfigurationPlatforms) = postSolution
		{D4A6EA97-312D-464F-9015-7B1B6F05603F}.Debug|Any CPU.ActiveCfg = Debug|Any CPU
		{D4A6EA97-312D-464F-9015-7B1B6F05603F}.Debug|Any CPU.Build.0 = Debug|Any CPU
		{D4A6EA97-312D-464F-9015-7B1B6F05603F}.Release|Any CPU.ActiveCfg = Release|Any CPU
		{D4A6EA97-312D-464F-9015-7B1B6F05603F}.Release|Any CPU.Build.0 = Release|Any CPU
		{E467F7E2-10B8-40A5-B23F-D0E60F3F3C14}.Debug|Any CPU.ActiveCfg = Debug|Any CPU
		{E467F7E2-10B8-40A5-B23F-D0E60F3F3C14}.Debug|Any CPU.Build.0 = Debug|Any CPU
		{E467F7E2-10B8-40A5-B23F-D0E60F3F3C14}.Release|Any CPU.ActiveCfg = Release|Any CPU
		{E467F7E2-10B8-40A5-B23F-D0E60F3F3C14}.Release|Any CPU.Build.0 = Release|Any CPU
		{87E17912-A356-46D2-B8AA-D529E232EBE0}.Debug|Any CPU.ActiveCfg = Debug|Any CPU
		{87E17912-A356-46D2-B8AA-D529E232EBE0}.Debug|Any CPU.Build.0 = Debug|Any CPU
		{87E17912-A356-46D2-B8AA-D529E232EBE0}.Release|Any CPU.ActiveCfg = Release|Any CPU
		{87E17912-A356-46D2-B8AA-D529E232EBE0}.Release|Any CPU.Build.0 = Release|Any CPU
	EndGlobalSection
	GlobalSection(SolutionProperties) = preSolution
		HideSolutionNode = FALSE
	EndGlobalSection
	GlobalSection(ExtensibilityGlobals) = postSolution
		SolutionGuid = {08D1AC9D-6A1D-4181-9A17-DAD1473F778F}
	EndGlobalSection
EndGlobal
